
Microsoft Visual Studio Solution File, Format Version 12.00
# Visual Studio Version 17
VisualStudioVersion = 17.8.34309.116
MinimumVisualStudioVersion = 10.0.40219.1
Project("{FAE04EC0-301F-11D3-BF4B-00C04F79EFBC}") = "FilterByAge", "FilterByAge\FilterByAge.csproj", "{F487624C-080E-4371-B39F-AF92DB4E9E7A}"
EndProject
Global
	GlobalSection(SolutionConfigurationPlatforms) = preSolution
		Debug|Any CPU = Debug|Any CPU
		Release|Any CPU = Release|Any CPU
	EndGlobalSection
	GlobalSection(ProjectConfigurationPlatforms) = postSolution
		{F487624C-080E-4371-B39F-AF92DB4E9E7A}.Debug|Any CPU.ActiveCfg = Debug|Any CPU
		{F487624C-080E-4371-B39F-AF92DB4E9E7A}.Debug|Any CPU.Build.0 = Debug|Any CPU
		{F487624C-080E-4371-B39F-AF92DB4E9E7A}.Release|Any CPU.ActiveCfg = Release|Any CPU
		{F487624C-080E-4371-B39F-AF92DB4E9E7A}.Release|Any CPU.Build.0 = Release|Any CPU
	EndGlobalSection
	GlobalSection(SolutionProperties) = preSolution
		HideSolutionNode = FALSE
	EndGlobalSection
	GlobalSection(ExtensibilityGlobals) = postSolution
		SolutionGuid = {A8D2DD3F-96E8-41D6-9219-62282B9B4C5B}
	EndGlobalSection
EndGlobal
